// !$*UTF8*$!
{
	archiveVersion = 1;
	classes = {
	};
	objectVersion = 56;
	objects = {

/* Begin PBXBuildFile section */
		BF65BF552C08C37900FA9193 /* CounterView.swift in Sources */ = {isa = PBXBuildFile; fileRef = BF65BF542C08C37900FA9193 /* CounterView.swift */; };
		BF65BF572C08C39400FA9193 /* TimerModel.swift in Sources */ = {isa = PBXBuildFile; fileRef = BF65BF562C08C39400FA9193 /* TimerModel.swift */; };
		BF65BF5A2C08CBB300FA9193 /* count.mp3 in Resources */ = {isa = PBXBuildFile; fileRef = BF65BF592C08CBB000FA9193 /* count.mp3 */; };
		BF65BF5C2C08CBB900FA9193 /* start.mp3 in Resources */ = {isa = PBXBuildFile; fileRef = BF65BF5B2C08CBB600FA9193 /* start.mp3 */; };
		BFC9345D2C0AFF1B0081C025 /* SoundInterval.swift in Sources */ = {isa = PBXBuildFile; fileRef = BFC9345C2C0AFF1B0081C025 /* SoundInterval.swift */; };
		BFC9345F2C0B020A0081C025 /* CountdownTime.swift in Sources */ = {isa = PBXBuildFile; fileRef = BFC9345E2C0B020A0081C025 /* CountdownTime.swift */; };
		BFD9477A2AED4B5400BCA3ED /* SailingWatch Watch App.app in Embed Watch Content */ = {isa = PBXBuildFile; fileRef = BFD947792AED4B5400BCA3ED /* SailingWatch Watch App.app */; settings = {ATTRIBUTES = (RemoveHeadersOnCopy, ); }; };
		BFD9477F2AED4B5400BCA3ED /* SailingWatchApp.swift in Sources */ = {isa = PBXBuildFile; fileRef = BFD9477E2AED4B5400BCA3ED /* SailingWatchApp.swift */; };
		BFD947832AED4B5500BCA3ED /* Assets.xcassets in Resources */ = {isa = PBXBuildFile; fileRef = BFD947822AED4B5500BCA3ED /* Assets.xcassets */; };
		BFD947B62AED4D5700BCA3ED /* LocationManager.swift in Sources */ = {isa = PBXBuildFile; fileRef = BFD947B12AED4D5700BCA3ED /* LocationManager.swift */; };
		BFD947BE2AED4DAE00BCA3ED /* GPSSelectionView.swift in Sources */ = {isa = PBXBuildFile; fileRef = BFD947B92AED4DAE00BCA3ED /* GPSSelectionView.swift */; };
		BFD947BF2AED4DAE00BCA3ED /* GPSActiveView.swift in Sources */ = {isa = PBXBuildFile; fileRef = BFD947BA2AED4DAE00BCA3ED /* GPSActiveView.swift */; };
		BFD947C02AED4DAE00BCA3ED /* GPSErrorView.swift in Sources */ = {isa = PBXBuildFile; fileRef = BFD947BB2AED4DAE00BCA3ED /* GPSErrorView.swift */; };
		BFD947C12AED4DAE00BCA3ED /* GPSWrapperView.swift in Sources */ = {isa = PBXBuildFile; fileRef = BFD947BC2AED4DAE00BCA3ED /* GPSWrapperView.swift */; };
		BFD947C22AED4DAE00BCA3ED /* GPSRequestView.swift in Sources */ = {isa = PBXBuildFile; fileRef = BFD947BD2AED4DAE00BCA3ED /* GPSRequestView.swift */; };
		BFD947C62AED4EA100BCA3ED /* Preview Content in Resources */ = {isa = PBXBuildFile; fileRef = BFD947C52AED4EA100BCA3ED /* Preview Content */; };
/* End PBXBuildFile section */

/* Begin PBXContainerItemProxy section */
		BFD9477B2AED4B5400BCA3ED /* PBXContainerItemProxy */ = {
			isa = PBXContainerItemProxy;
			containerPortal = BFD9476D2AED4B5400BCA3ED /* Project object */;
			proxyType = 1;
			remoteGlobalIDString = BFD947782AED4B5400BCA3ED;
			remoteInfo = "SailingWatch Watch App";
		};
/* End PBXContainerItemProxy section */

/* Begin PBXCopyFilesBuildPhase section */
		BFD9478C2AED4B5500BCA3ED /* Embed Watch Content */ = {
			isa = PBXCopyFilesBuildPhase;
			buildActionMask = 2147483647;
			dstPath = "$(CONTENTS_FOLDER_PATH)/Watch";
			dstSubfolderSpec = 16;
			files = (
				BFD9477A2AED4B5400BCA3ED /* SailingWatch Watch App.app in Embed Watch Content */,
			);
			name = "Embed Watch Content";
			runOnlyForDeploymentPostprocessing = 0;
		};
/* End PBXCopyFilesBuildPhase section */

/* Begin PBXFileReference section */
		BF65BF542C08C37900FA9193 /* CounterView.swift */ = {isa = PBXFileReference; lastKnownFileType = sourcecode.swift; path = CounterView.swift; sourceTree = "<group>"; };
		BF65BF562C08C39400FA9193 /* TimerModel.swift */ = {isa = PBXFileReference; lastKnownFileType = sourcecode.swift; path = TimerModel.swift; sourceTree = "<group>"; };
		BF65BF582C08C91C00FA9193 /* SailingWatch Watch App.entitlements */ = {isa = PBXFileReference; lastKnownFileType = text.plist.entitlements; path = "SailingWatch Watch App.entitlements"; sourceTree = "<group>"; };
		BF65BF592C08CBB000FA9193 /* count.mp3 */ = {isa = PBXFileReference; lastKnownFileType = audio.mp3; path = count.mp3; sourceTree = "<group>"; };
		BF65BF5B2C08CBB600FA9193 /* start.mp3 */ = {isa = PBXFileReference; lastKnownFileType = audio.mp3; path = start.mp3; sourceTree = "<group>"; };
		BFC9345C2C0AFF1B0081C025 /* SoundInterval.swift */ = {isa = PBXFileReference; lastKnownFileType = sourcecode.swift; path = SoundInterval.swift; sourceTree = "<group>"; };
		BFC9345E2C0B020A0081C025 /* CountdownTime.swift */ = {isa = PBXFileReference; lastKnownFileType = sourcecode.swift; path = CountdownTime.swift; sourceTree = "<group>"; };
		BFD947732AED4B5400BCA3ED /* SailingWatch.app */ = {isa = PBXFileReference; explicitFileType = wrapper.application; includeInIndex = 0; path = SailingWatch.app; sourceTree = BUILT_PRODUCTS_DIR; };
		BFD947792AED4B5400BCA3ED /* SailingWatch Watch App.app */ = {isa = PBXFileReference; explicitFileType = wrapper.application; includeInIndex = 0; path = "SailingWatch Watch App.app"; sourceTree = BUILT_PRODUCTS_DIR; };
		BFD9477E2AED4B5400BCA3ED /* SailingWatchApp.swift */ = {isa = PBXFileReference; lastKnownFileType = sourcecode.swift; path = SailingWatchApp.swift; sourceTree = "<group>"; };
		BFD947822AED4B5500BCA3ED /* Assets.xcassets */ = {isa = PBXFileReference; lastKnownFileType = folder.assetcatalog; path = Assets.xcassets; sourceTree = "<group>"; };
		BFD947A62AED4CC200BCA3ED /* SailingWatch-Watch-App-Info.plist */ = {isa = PBXFileReference; lastKnownFileType = text.plist; path = "SailingWatch-Watch-App-Info.plist"; sourceTree = SOURCE_ROOT; };
		BFD947B12AED4D5700BCA3ED /* LocationManager.swift */ = {isa = PBXFileReference; lastKnownFileType = sourcecode.swift; path = LocationManager.swift; sourceTree = "<group>"; };
		BFD947B92AED4DAE00BCA3ED /* GPSSelectionView.swift */ = {isa = PBXFileReference; fileEncoding = 4; lastKnownFileType = sourcecode.swift; path = GPSSelectionView.swift; sourceTree = "<group>"; };
		BFD947BA2AED4DAE00BCA3ED /* GPSActiveView.swift */ = {isa = PBXFileReference; fileEncoding = 4; lastKnownFileType = sourcecode.swift; path = GPSActiveView.swift; sourceTree = "<group>"; };
		BFD947BB2AED4DAE00BCA3ED /* GPSErrorView.swift */ = {isa = PBXFileReference; fileEncoding = 4; lastKnownFileType = sourcecode.swift; path = GPSErrorView.swift; sourceTree = "<group>"; };
		BFD947BC2AED4DAE00BCA3ED /* GPSWrapperView.swift */ = {isa = PBXFileReference; fileEncoding = 4; lastKnownFileType = sourcecode.swift; path = GPSWrapperView.swift; sourceTree = "<group>"; };
		BFD947BD2AED4DAE00BCA3ED /* GPSRequestView.swift */ = {isa = PBXFileReference; fileEncoding = 4; lastKnownFileType = sourcecode.swift; path = GPSRequestView.swift; sourceTree = "<group>"; };
		BFD947C52AED4EA100BCA3ED /* Preview Content */ = {isa = PBXFileReference; lastKnownFileType = folder; path = "Preview Content"; sourceTree = "<group>"; };
/* End PBXFileReference section */

/* Begin PBXFrameworksBuildPhase section */
		BFD947762AED4B5400BCA3ED /* Frameworks */ = {
			isa = PBXFrameworksBuildPhase;
			buildActionMask = 2147483647;
			files = (
			);
			runOnlyForDeploymentPostprocessing = 0;
		};
/* End PBXFrameworksBuildPhase section */

/* Begin PBXGroup section */
		BFD9476C2AED4B5400BCA3ED = {
			isa = PBXGroup;
			children = (
				BFD9477D2AED4B5400BCA3ED /* SailingWatch Watch App */,
				BFD947742AED4B5400BCA3ED /* Products */,
			);
			sourceTree = "<group>";
		};
		BFD947742AED4B5400BCA3ED /* Products */ = {
			isa = PBXGroup;
			children = (
				BFD947732AED4B5400BCA3ED /* SailingWatch.app */,
				BFD947792AED4B5400BCA3ED /* SailingWatch Watch App.app */,
			);
			name = Products;
			sourceTree = "<group>";
		};
		BFD9477D2AED4B5400BCA3ED /* SailingWatch Watch App */ = {
			isa = PBXGroup;
			children = (
				BF65BF582C08C91C00FA9193 /* SailingWatch Watch App.entitlements */,
				BFD9477E2AED4B5400BCA3ED /* SailingWatchApp.swift */,
				BF65BF542C08C37900FA9193 /* CounterView.swift */,
				BFD947C42AED4DF200BCA3ED /* Timer */,
				BFD947B82AED4D9F00BCA3ED /* GPS */,
				BFD947B12AED4D5700BCA3ED /* LocationManager.swift */,
				BFD947A62AED4CC200BCA3ED /* SailingWatch-Watch-App-Info.plist */,
				BFD947822AED4B5500BCA3ED /* Assets.xcassets */,
				BF65BF592C08CBB000FA9193 /* count.mp3 */,
				BF65BF5B2C08CBB600FA9193 /* start.mp3 */,
				BFD947C52AED4EA100BCA3ED /* Preview Content */,
			);
			path = "SailingWatch Watch App";
			sourceTree = "<group>";
		};
		BFD947B82AED4D9F00BCA3ED /* GPS */ = {
			isa = PBXGroup;
			children = (
				BFD947BA2AED4DAE00BCA3ED /* GPSActiveView.swift */,
				BFD947BB2AED4DAE00BCA3ED /* GPSErrorView.swift */,
				BFD947BD2AED4DAE00BCA3ED /* GPSRequestView.swift */,
				BFD947B92AED4DAE00BCA3ED /* GPSSelectionView.swift */,
				BFD947BC2AED4DAE00BCA3ED /* GPSWrapperView.swift */,
			);
			path = GPS;
			sourceTree = "<group>";
		};
		BFD947C42AED4DF200BCA3ED /* Timer */ = {
			isa = PBXGroup;
			children = (
				BF65BF562C08C39400FA9193 /* TimerModel.swift */,
				BFC9345C2C0AFF1B0081C025 /* SoundInterval.swift */,
				BFC9345E2C0B020A0081C025 /* CountdownTime.swift */,
			);
			path = Timer;
			sourceTree = "<group>";
		};
/* End PBXGroup section */

/* Begin PBXNativeTarget section */
		BFD947722AED4B5400BCA3ED /* SailingWatch */ = {
			isa = PBXNativeTarget;
			buildConfigurationList = BFD9478D2AED4B5500BCA3ED /* Build configuration list for PBXNativeTarget "SailingWatch" */;
			buildPhases = (
				BFD947712AED4B5400BCA3ED /* Resources */,
				BFD9478C2AED4B5500BCA3ED /* Embed Watch Content */,
			);
			buildRules = (
			);
			dependencies = (
				BFD9477C2AED4B5400BCA3ED /* PBXTargetDependency */,
			);
			name = SailingWatch;
			productName = SailingWatch;
			productReference = BFD947732AED4B5400BCA3ED /* SailingWatch.app */;
			productType = "com.apple.product-type.application.watchapp2-container";
		};
		BFD947782AED4B5400BCA3ED /* SailingWatch Watch App */ = {
			isa = PBXNativeTarget;
			buildConfigurationList = BFD947892AED4B5500BCA3ED /* Build configuration list for PBXNativeTarget "SailingWatch Watch App" */;
			buildPhases = (
				BFD947752AED4B5400BCA3ED /* Sources */,
				BFD947762AED4B5400BCA3ED /* Frameworks */,
				BFD947772AED4B5400BCA3ED /* Resources */,
			);
			buildRules = (
			);
			dependencies = (
			);
			name = "SailingWatch Watch App";
			productName = "SailingWatch Watch App";
			productReference = BFD947792AED4B5400BCA3ED /* SailingWatch Watch App.app */;
			productType = "com.apple.product-type.application";
		};
/* End PBXNativeTarget section */

/* Begin PBXProject section */
		BFD9476D2AED4B5400BCA3ED /* Project object */ = {
			isa = PBXProject;
			attributes = {
				BuildIndependentTargetsInParallel = 1;
				LastSwiftUpdateCheck = 1500;
				LastUpgradeCheck = 1510;
				TargetAttributes = {
					BFD947722AED4B5400BCA3ED = {
						CreatedOnToolsVersion = 15.0.1;
						LastSwiftMigration = 1540;
					};
					BFD947782AED4B5400BCA3ED = {
						CreatedOnToolsVersion = 15.0.1;
					};
				};
			};
			buildConfigurationList = BFD947702AED4B5400BCA3ED /* Build configuration list for PBXProject "SailingWatch" */;
			compatibilityVersion = "Xcode 14.0";
			developmentRegion = en;
			hasScannedForEncodings = 0;
			knownRegions = (
				en,
				Base,
			);
			mainGroup = BFD9476C2AED4B5400BCA3ED;
			productRefGroup = BFD947742AED4B5400BCA3ED /* Products */;
			projectDirPath = "";
			projectRoot = "";
			targets = (
				BFD947722AED4B5400BCA3ED /* SailingWatch */,
				BFD947782AED4B5400BCA3ED /* SailingWatch Watch App */,
			);
		};
/* End PBXProject section */

/* Begin PBXResourcesBuildPhase section */
		BFD947712AED4B5400BCA3ED /* Resources */ = {
			isa = PBXResourcesBuildPhase;
			buildActionMask = 2147483647;
			files = (
			);
			runOnlyForDeploymentPostprocessing = 0;
		};
		BFD947772AED4B5400BCA3ED /* Resources */ = {
			isa = PBXResourcesBuildPhase;
			buildActionMask = 2147483647;
			files = (
				BF65BF5A2C08CBB300FA9193 /* count.mp3 in Resources */,
				BF65BF5C2C08CBB900FA9193 /* start.mp3 in Resources */,
				BFD947C62AED4EA100BCA3ED /* Preview Content in Resources */,
				BFD947832AED4B5500BCA3ED /* Assets.xcassets in Resources */,
			);
			runOnlyForDeploymentPostprocessing = 0;
		};
/* End PBXResourcesBuildPhase section */

/* Begin PBXSourcesBuildPhase section */
		BFD947752AED4B5400BCA3ED /* Sources */ = {
			isa = PBXSourcesBuildPhase;
			buildActionMask = 2147483647;
			files = (
				BFD947BE2AED4DAE00BCA3ED /* GPSSelectionView.swift in Sources */,
				BFD947C22AED4DAE00BCA3ED /* GPSRequestView.swift in Sources */,
				BFD947C12AED4DAE00BCA3ED /* GPSWrapperView.swift in Sources */,
				BFD947B62AED4D5700BCA3ED /* LocationManager.swift in Sources */,
				BF65BF552C08C37900FA9193 /* CounterView.swift in Sources */,
				BFD947C02AED4DAE00BCA3ED /* GPSErrorView.swift in Sources */,
				BFC9345D2C0AFF1B0081C025 /* SoundInterval.swift in Sources */,
				BF65BF572C08C39400FA9193 /* TimerModel.swift in Sources */,
				BFD947BF2AED4DAE00BCA3ED /* GPSActiveView.swift in Sources */,
				BFC9345F2C0B020A0081C025 /* CountdownTime.swift in Sources */,
				BFD9477F2AED4B5400BCA3ED /* SailingWatchApp.swift in Sources */,
			);
			runOnlyForDeploymentPostprocessing = 0;
		};
/* End PBXSourcesBuildPhase section */

/* Begin PBXTargetDependency section */
		BFD9477C2AED4B5400BCA3ED /* PBXTargetDependency */ = {
			isa = PBXTargetDependency;
			target = BFD947782AED4B5400BCA3ED /* SailingWatch Watch App */;
			targetProxy = BFD9477B2AED4B5400BCA3ED /* PBXContainerItemProxy */;
		};
/* End PBXTargetDependency section */

/* Begin XCBuildConfiguration section */
		BFD947872AED4B5500BCA3ED /* Debug */ = {
			isa = XCBuildConfiguration;
			buildSettings = {
				ALWAYS_SEARCH_USER_PATHS = NO;
				ASSETCATALOG_COMPILER_GENERATE_SWIFT_ASSET_SYMBOL_EXTENSIONS = YES;
				CLANG_ANALYZER_NONNULL = YES;
				CLANG_ANALYZER_NUMBER_OBJECT_CONVERSION = YES_AGGRESSIVE;
				CLANG_CXX_LANGUAGE_STANDARD = "gnu++20";
				CLANG_ENABLE_MODULES = YES;
				CLANG_ENABLE_OBJC_ARC = YES;
				CLANG_ENABLE_OBJC_WEAK = YES;
				CLANG_WARN_BLOCK_CAPTURE_AUTORELEASING = YES;
				CLANG_WARN_BOOL_CONVERSION = YES;
				CLANG_WARN_COMMA = YES;
				CLANG_WARN_CONSTANT_CONVERSION = YES;
				CLANG_WARN_DEPRECATED_OBJC_IMPLEMENTATIONS = YES;
				CLANG_WARN_DIRECT_OBJC_ISA_USAGE = YES_ERROR;
				CLANG_WARN_DOCUMENTATION_COMMENTS = YES;
				CLANG_WARN_EMPTY_BODY = YES;
				CLANG_WARN_ENUM_CONVERSION = YES;
				CLANG_WARN_INFINITE_RECURSION = YES;
				CLANG_WARN_INT_CONVERSION = YES;
				CLANG_WARN_NON_LITERAL_NULL_CONVERSION = YES;
				CLANG_WARN_OBJC_IMPLICIT_RETAIN_SELF = YES;
				CLANG_WARN_OBJC_LITERAL_CONVERSION = YES;
				CLANG_WARN_OBJC_ROOT_CLASS = YES_ERROR;
				CLANG_WARN_QUOTED_INCLUDE_IN_FRAMEWORK_HEADER = YES;
				CLANG_WARN_RANGE_LOOP_ANALYSIS = YES;
				CLANG_WARN_STRICT_PROTOTYPES = YES;
				CLANG_WARN_SUSPICIOUS_MOVE = YES;
				CLANG_WARN_UNGUARDED_AVAILABILITY = YES_AGGRESSIVE;
				CLANG_WARN_UNREACHABLE_CODE = YES;
				CLANG_WARN__DUPLICATE_METHOD_MATCH = YES;
				COPY_PHASE_STRIP = NO;
				DEAD_CODE_STRIPPING = YES;
				DEBUG_INFORMATION_FORMAT = dwarf;
				ENABLE_STRICT_OBJC_MSGSEND = YES;
				ENABLE_TESTABILITY = YES;
				ENABLE_USER_SCRIPT_SANDBOXING = YES;
				GCC_C_LANGUAGE_STANDARD = gnu17;
				GCC_DYNAMIC_NO_PIC = NO;
				GCC_NO_COMMON_BLOCKS = YES;
				GCC_OPTIMIZATION_LEVEL = 0;
				GCC_PREPROCESSOR_DEFINITIONS = (
					"DEBUG=1",
					"$(inherited)",
				);
				GCC_WARN_64_TO_32_BIT_CONVERSION = YES;
				GCC_WARN_ABOUT_RETURN_TYPE = YES_ERROR;
				GCC_WARN_UNDECLARED_SELECTOR = YES;
				GCC_WARN_UNINITIALIZED_AUTOS = YES_AGGRESSIVE;
				GCC_WARN_UNUSED_FUNCTION = YES;
				GCC_WARN_UNUSED_VARIABLE = YES;
				LOCALIZATION_PREFERS_STRING_CATALOGS = YES;
				MTL_ENABLE_DEBUG_INFO = INCLUDE_SOURCE;
				MTL_FAST_MATH = YES;
				ONLY_ACTIVE_ARCH = YES;
				SWIFT_ACTIVE_COMPILATION_CONDITIONS = "DEBUG $(inherited)";
				SWIFT_OPTIMIZATION_LEVEL = "-Onone";
			};
			name = Debug;
		};
		BFD947882AED4B5500BCA3ED /* Release */ = {
			isa = XCBuildConfiguration;
			buildSettings = {
				ALWAYS_SEARCH_USER_PATHS = NO;
				ASSETCATALOG_COMPILER_GENERATE_SWIFT_ASSET_SYMBOL_EXTENSIONS = YES;
				CLANG_ANALYZER_NONNULL = YES;
				CLANG_ANALYZER_NUMBER_OBJECT_CONVERSION = YES_AGGRESSIVE;
				CLANG_CXX_LANGUAGE_STANDARD = "gnu++20";
				CLANG_ENABLE_MODULES = YES;
				CLANG_ENABLE_OBJC_ARC = YES;
				CLANG_ENABLE_OBJC_WEAK = YES;
				CLANG_WARN_BLOCK_CAPTURE_AUTORELEASING = YES;
				CLANG_WARN_BOOL_CONVERSION = YES;
				CLANG_WARN_COMMA = YES;
				CLANG_WARN_CONSTANT_CONVERSION = YES;
				CLANG_WARN_DEPRECATED_OBJC_IMPLEMENTATIONS = YES;
				CLANG_WARN_DIRECT_OBJC_ISA_USAGE = YES_ERROR;
				CLANG_WARN_DOCUMENTATION_COMMENTS = YES;
				CLANG_WARN_EMPTY_BODY = YES;
				CLANG_WARN_ENUM_CONVERSION = YES;
				CLANG_WARN_INFINITE_RECURSION = YES;
				CLANG_WARN_INT_CONVERSION = YES;
				CLANG_WARN_NON_LITERAL_NULL_CONVERSION = YES;
				CLANG_WARN_OBJC_IMPLICIT_RETAIN_SELF = YES;
				CLANG_WARN_OBJC_LITERAL_CONVERSION = YES;
				CLANG_WARN_OBJC_ROOT_CLASS = YES_ERROR;
				CLANG_WARN_QUOTED_INCLUDE_IN_FRAMEWORK_HEADER = YES;
				CLANG_WARN_RANGE_LOOP_ANALYSIS = YES;
				CLANG_WARN_STRICT_PROTOTYPES = YES;
				CLANG_WARN_SUSPICIOUS_MOVE = YES;
				CLANG_WARN_UNGUARDED_AVAILABILITY = YES_AGGRESSIVE;
				CLANG_WARN_UNREACHABLE_CODE = YES;
				CLANG_WARN__DUPLICATE_METHOD_MATCH = YES;
				COPY_PHASE_STRIP = NO;
				DEAD_CODE_STRIPPING = YES;
				DEBUG_INFORMATION_FORMAT = "dwarf-with-dsym";
				ENABLE_NS_ASSERTIONS = NO;
				ENABLE_STRICT_OBJC_MSGSEND = YES;
				ENABLE_USER_SCRIPT_SANDBOXING = YES;
				GCC_C_LANGUAGE_STANDARD = gnu17;
				GCC_NO_COMMON_BLOCKS = YES;
				GCC_WARN_64_TO_32_BIT_CONVERSION = YES;
				GCC_WARN_ABOUT_RETURN_TYPE = YES_ERROR;
				GCC_WARN_UNDECLARED_SELECTOR = YES;
				GCC_WARN_UNINITIALIZED_AUTOS = YES_AGGRESSIVE;
				GCC_WARN_UNUSED_FUNCTION = YES;
				GCC_WARN_UNUSED_VARIABLE = YES;
				LOCALIZATION_PREFERS_STRING_CATALOGS = YES;
				MTL_ENABLE_DEBUG_INFO = NO;
				MTL_FAST_MATH = YES;
				SWIFT_COMPILATION_MODE = wholemodule;
			};
			name = Release;
		};
		BFD9478A2AED4B5500BCA3ED /* Debug */ = {
			isa = XCBuildConfiguration;
			buildSettings = {
				ASSETCATALOG_COMPILER_APPICON_NAME = AppIcon;
				ASSETCATALOG_COMPILER_GLOBAL_ACCENT_COLOR_NAME = AccentColor;
				CODE_SIGN_ENTITLEMENTS = "SailingWatch Watch App/SailingWatch Watch App.entitlements";
				CODE_SIGN_STYLE = Automatic;
				CURRENT_PROJECT_VERSION = 11;
				DEVELOPMENT_ASSET_PATHS = "\"SailingWatch Watch App/Preview Content\"";
				DEVELOPMENT_TEAM = P8WULW25UZ;
				ENABLE_PREVIEWS = YES;
				GENERATE_INFOPLIST_FILE = YES;
				INFOPLIST_FILE = "SailingWatch-Watch-App-Info.plist";
				INFOPLIST_KEY_CFBundleDisplayName = SailingWatch;
				INFOPLIST_KEY_NSHealthShareUsageDescription = "We need access to your health data for tracking sailing activity.";
				INFOPLIST_KEY_NSHealthUpdateUsageDescription = "We need access to your health data for tracking sailing activity.";
				INFOPLIST_KEY_NSLocationAlwaysAndWhenInUseUsageDescription = "Location it's used to track the start line";
				INFOPLIST_KEY_UISupportedInterfaceOrientations = "UIInterfaceOrientationPortrait UIInterfaceOrientationPortraitUpsideDown";
				INFOPLIST_KEY_WKWatchOnly = YES;
				LD_RUNPATH_SEARCH_PATHS = (
					"$(inherited)",
					"@executable_path/Frameworks",
				);
				MARKETING_VERSION = 1.0;
				PRODUCT_BUNDLE_IDENTIFIER = francesco.vezzani.SailingWatch.watchkitapp;
				PRODUCT_NAME = "$(TARGET_NAME)";
				SDKROOT = watchos;
				SKIP_INSTALL = YES;
				SWIFT_EMIT_LOC_STRINGS = YES;
				SWIFT_VERSION = 5.0;
				TARGETED_DEVICE_FAMILY = 4;
				WATCHOS_DEPLOYMENT_TARGET = 10.0;
			};
			name = Debug;
		};
		BFD9478B2AED4B5500BCA3ED /* Release */ = {
			isa = XCBuildConfiguration;
			buildSettings = {
				ASSETCATALOG_COMPILER_APPICON_NAME = AppIcon;
				ASSETCATALOG_COMPILER_GLOBAL_ACCENT_COLOR_NAME = AccentColor;
				CODE_SIGN_ENTITLEMENTS = "SailingWatch Watch App/SailingWatch Watch App.entitlements";
				CODE_SIGN_STYLE = Automatic;
				CURRENT_PROJECT_VERSION = 11;
				DEVELOPMENT_ASSET_PATHS = "\"SailingWatch Watch App/Preview Content\"";
				DEVELOPMENT_TEAM = P8WULW25UZ;
				ENABLE_PREVIEWS = YES;
				GENERATE_INFOPLIST_FILE = YES;
				INFOPLIST_FILE = "SailingWatch-Watch-App-Info.plist";
				INFOPLIST_KEY_CFBundleDisplayName = SailingWatch;
				INFOPLIST_KEY_NSHealthShareUsageDescription = "We need access to your health data for tracking sailing activity.";
				INFOPLIST_KEY_NSHealthUpdateUsageDescription = "We need access to your health data for tracking sailing activity.";
				INFOPLIST_KEY_NSLocationAlwaysAndWhenInUseUsageDescription = "Location it's used to track the start line";
				INFOPLIST_KEY_UISupportedInterfaceOrientations = "UIInterfaceOrientationPortrait UIInterfaceOrientationPortraitUpsideDown";
				INFOPLIST_KEY_WKWatchOnly = YES;
				LD_RUNPATH_SEARCH_PATHS = (
					"$(inherited)",
					"@executable_path/Frameworks",
				);
				MARKETING_VERSION = 1.0;
				PRODUCT_BUNDLE_IDENTIFIER = francesco.vezzani.SailingWatch.watchkitapp;
				PRODUCT_NAME = "$(TARGET_NAME)";
				SDKROOT = watchos;
				SKIP_INSTALL = YES;
				SWIFT_EMIT_LOC_STRINGS = YES;
				SWIFT_VERSION = 5.0;
				TARGETED_DEVICE_FAMILY = 4;
				VALIDATE_PRODUCT = YES;
				WATCHOS_DEPLOYMENT_TARGET = 10.0;
			};
			name = Release;
		};
		BFD9478E2AED4B5500BCA3ED /* Debug */ = {
			isa = XCBuildConfiguration;
			buildSettings = {
				ALWAYS_EMBED_SWIFT_STANDARD_LIBRARIES = YES;
				CLANG_ENABLE_MODULES = YES;
				CODE_SIGN_STYLE = Automatic;
				CURRENT_PROJECT_VERSION = 1;
				DEVELOPMENT_TEAM = P8WULW25UZ;
				INFOPLIST_KEY_CFBundleDisplayName = SailingWatch;
				MARKETING_VERSION = 1.0;
				PRODUCT_BUNDLE_IDENTIFIER = francesco.vezzani.SailingWatch;
				PRODUCT_NAME = "$(TARGET_NAME)";
				SDKROOT = iphoneos;
				SWIFT_OPTIMIZATION_LEVEL = "-Onone";
				SWIFT_VERSION = 5.0;
			};
			name = Debug;
		};
		BFD9478F2AED4B5500BCA3ED /* Release */ = {
			isa = XCBuildConfiguration;
			buildSettings = {
				ALWAYS_EMBED_SWIFT_STANDARD_LIBRARIES = YES;
				CLANG_ENABLE_MODULES = YES;
				CODE_SIGN_STYLE = Automatic;
				CURRENT_PROJECT_VERSION = 1;
				DEVELOPMENT_TEAM = P8WULW25UZ;
				INFOPLIST_KEY_CFBundleDisplayName = SailingWatch;
				MARKETING_VERSION = 1.0;
				PRODUCT_BUNDLE_IDENTIFIER = francesco.vezzani.SailingWatch;
				PRODUCT_NAME = "$(TARGET_NAME)";
				SDKROOT = iphoneos;
				SWIFT_VERSION = 5.0;
				VALIDATE_PRODUCT = YES;
			};
			name = Release;
		};
/* End XCBuildConfiguration section */

/* Begin XCConfigurationList section */
		BFD947702AED4B5400BCA3ED /* Build configuration list for PBXProject "SailingWatch" */ = {
			isa = XCConfigurationList;
			buildConfigurations = (
				BFD947872AED4B5500BCA3ED /* Debug */,
				BFD947882AED4B5500BCA3ED /* Release */,
			);
			defaultConfigurationIsVisible = 0;
			defaultConfigurationName = Release;
		};
		BFD947892AED4B5500BCA3ED /* Build configuration list for PBXNativeTarget "SailingWatch Watch App" */ = {
			isa = XCConfigurationList;
			buildConfigurations = (
				BFD9478A2AED4B5500BCA3ED /* Debug */,
				BFD9478B2AED4B5500BCA3ED /* Release */,
			);
			defaultConfigurationIsVisible = 0;
			defaultConfigurationName = Release;
		};
		BFD9478D2AED4B5500BCA3ED /* Build configuration list for PBXNativeTarget "SailingWatch" */ = {
			isa = XCConfigurationList;
			buildConfigurations = (
				BFD9478E2AED4B5500BCA3ED /* Debug */,
				BFD9478F2AED4B5500BCA3ED /* Release */,
			);
			defaultConfigurationIsVisible = 0;
			defaultConfigurationName = Release;
		};
/* End XCConfigurationList section */
	};
	rootObject = BFD9476D2AED4B5400BCA3ED /* Project object */;
}
